{
  "name": "Netflix_Clone",
  "lockfileVersion": 3,
  "requires": true,
  "packages": {
    "": {
      "dependencies": {
        "flag-icons": "^6.14.0"
      }
    },
    "node_modules/flag-icons": {
      "version": "6.14.0",
      "resolved": "https://registry.npmjs.org/flag-icons/-/flag-icons-6.14.0.tgz",
      "integrity": "sha512-GutzswkEe2gmSma4U3AQ/7shiPYNII8Rp1UjNpZH36GeXsc5bz50rq/EMFhMPCZcZMiz6pNulxienJepvTYa1A=="
    }
  }
}
